
Microsoft Visual Studio Solution File, Format Version 12.00
# Visual Studio Version 17
VisualStudioVersion = 17.8.34330.188
MinimumVisualStudioVersion = 10.0.40219.1
Project("{FAE04EC0-301F-11D3-BF4B-00C04F79EFBC}") = "DemoTimeAndMaterials", "DemoTimeAndMaterials.csproj", "{931541B8-6FE7-4F36-8885-AF67843EA650}"
EndProject
Global
	GlobalSection(SolutionConfigurationPlatforms) = preSolution
		Debug|Any CPU = Debug|Any CPU
		Release|Any CPU = Release|Any CPU
	EndGlobalSection
	GlobalSection(ProjectConfigurationPlatforms) = postSolution
		{931541B8-6FE7-4F36-8885-AF67843EA650}.Debug|Any CPU.ActiveCfg = Debug|Any CPU
		{931541B8-6FE7-4F36-8885-AF67843EA650}.Debug|Any CPU.Build.0 = Debug|Any CPU
		{931541B8-6FE7-4F36-8885-AF67843EA650}.Release|Any CPU.ActiveCfg = Release|Any CPU
		{931541B8-6FE7-4F36-8885-AF67843EA650}.Release|Any CPU.Build.0 = Release|Any CPU
	EndGlobalSection
	GlobalSection(SolutionProperties) = preSolution
		HideSolutionNode = FALSE
	EndGlobalSection
	GlobalSection(ExtensibilityGlobals) = postSolution
		SolutionGuid = {29A99395-8722-428A-A049-2C24E4F049D4}
	EndGlobalSection
EndGlobal
